
Microsoft Visual Studio Solution File, Format Version 12.00
# Visual Studio Version 17
VisualStudioVersion = 17.10.34916.146
MinimumVisualStudioVersion = 10.0.40219.1
Project("{FAE04EC0-301F-11D3-BF4B-00C04F79EFBC}") = "CapaPresentacionPancho", "CapaPresentacionPancho\CapaPresentacionPancho.csproj", "{92F7D5FB-B744-4416-8E31-5F975075B71E}"
EndProject
Project("{FAE04EC0-301F-11D3-BF4B-00C04F79EFBC}") = "CapaTienda", "CapaTienda\CapaTienda.csproj", "{3DBCA1ED-A3FC-487E-B95C-6BB6B4506599}"
EndProject
Project("{FAE04EC0-301F-11D3-BF4B-00C04F79EFBC}") = "CapaDatos", "CapaDatos\CapaDatos.csproj", "{7838136F-BAFD-4117-9206-B31D9FD00597}"
EndProject
Project("{FAE04EC0-301F-11D3-BF4B-00C04F79EFBC}") = "CapaEntidad", "CapaEntidad\CapaEntidad.csproj", "{11741BDE-ED54-4051-BF3F-640E6A457F16}"
EndProject
Project("{FAE04EC0-301F-11D3-BF4B-00C04F79EFBC}") = "CapaNegocio", "CapaNegocio\CapaNegocio.csproj", "{0AF34409-BA74-4FB0-BAD4-A8DAD7D2409E}"
EndProject
Global
	GlobalSection(SolutionConfigurationPlatforms) = preSolution
		Debug|Any CPU = Debug|Any CPU
		Release|Any CPU = Release|Any CPU
	EndGlobalSection
	GlobalSection(ProjectConfigurationPlatforms) = postSolution
		{92F7D5FB-B744-4416-8E31-5F975075B71E}.Debug|Any CPU.ActiveCfg = Debug|Any CPU
		{92F7D5FB-B744-4416-8E31-5F975075B71E}.Debug|Any CPU.Build.0 = Debug|Any CPU
		{92F7D5FB-B744-4416-8E31-5F975075B71E}.Release|Any CPU.ActiveCfg = Release|Any CPU
		{92F7D5FB-B744-4416-8E31-5F975075B71E}.Release|Any CPU.Build.0 = Release|Any CPU
		{3DBCA1ED-A3FC-487E-B95C-6BB6B4506599}.Debug|Any CPU.ActiveCfg = Debug|Any CPU
		{3DBCA1ED-A3FC-487E-B95C-6BB6B4506599}.Debug|Any CPU.Build.0 = Debug|Any CPU
		{3DBCA1ED-A3FC-487E-B95C-6BB6B4506599}.Release|Any CPU.ActiveCfg = Release|Any CPU
		{3DBCA1ED-A3FC-487E-B95C-6BB6B4506599}.Release|Any CPU.Build.0 = Release|Any CPU
		{7838136F-BAFD-4117-9206-B31D9FD00597}.Debug|Any CPU.ActiveCfg = Debug|Any CPU
		{7838136F-BAFD-4117-9206-B31D9FD00597}.Debug|Any CPU.Build.0 = Debug|Any CPU
		{7838136F-BAFD-4117-9206-B31D9FD00597}.Release|Any CPU.ActiveCfg = Release|Any CPU
		{7838136F-BAFD-4117-9206-B31D9FD00597}.Release|Any CPU.Build.0 = Release|Any CPU
		{11741BDE-ED54-4051-BF3F-640E6A457F16}.Debug|Any CPU.ActiveCfg = Debug|Any CPU
		{11741BDE-ED54-4051-BF3F-640E6A457F16}.Debug|Any CPU.Build.0 = Debug|Any CPU
		{11741BDE-ED54-4051-BF3F-640E6A457F16}.Release|Any CPU.ActiveCfg = Release|Any CPU
		{11741BDE-ED54-4051-BF3F-640E6A457F16}.Release|Any CPU.Build.0 = Release|Any CPU
		{0AF34409-BA74-4FB0-BAD4-A8DAD7D2409E}.Debug|Any CPU.ActiveCfg = Debug|Any CPU
		{0AF34409-BA74-4FB0-BAD4-A8DAD7D2409E}.Debug|Any CPU.Build.0 = Debug|Any CPU
		{0AF34409-BA74-4FB0-BAD4-A8DAD7D2409E}.Release|Any CPU.ActiveCfg = Release|Any CPU
		{0AF34409-BA74-4FB0-BAD4-A8DAD7D2409E}.Release|Any CPU.Build.0 = Release|Any CPU
	EndGlobalSection
	GlobalSection(SolutionProperties) = preSolution
		HideSolutionNode = FALSE
	EndGlobalSection
	GlobalSection(ExtensibilityGlobals) = postSolution
		SolutionGuid = {5992D213-336B-4C33-A7AB-35A7B9B3D7E8}
	EndGlobalSection
EndGlobal
